// !$*UTF8*$!
{
	archiveVersion = 1;
	classes = {
	};
	objectVersion = 55;
	objects = {

/* Begin PBXBuildFile section */
		6BECA25A27DA3DE50074217E /* AppDelegate.swift in Sources */ = {isa = PBXBuildFile; fileRef = 6BECA25927DA3DE50074217E /* AppDelegate.swift */; };
		6BECA25C27DA3DE50074217E /* SceneDelegate.swift in Sources */ = {isa = PBXBuildFile; fileRef = 6BECA25B27DA3DE50074217E /* SceneDelegate.swift */; };
		6BECA25E27DA3DE50074217E /* ViewController.swift in Sources */ = {isa = PBXBuildFile; fileRef = 6BECA25D27DA3DE50074217E /* ViewController.swift */; };
		6BECA26127DA3DE50074217E /* Main.storyboard in Resources */ = {isa = PBXBuildFile; fileRef = 6BECA25F27DA3DE50074217E /* Main.storyboard */; };
		6BECA26327DA3DE60074217E /* Assets.xcassets in Resources */ = {isa = PBXBuildFile; fileRef = 6BECA26227DA3DE60074217E /* Assets.xcassets */; };
		6BECA26627DA3DE60074217E /* LaunchScreen.storyboard in Resources */ = {isa = PBXBuildFile; fileRef = 6BECA26427DA3DE60074217E /* LaunchScreen.storyboard */; };
		6BECA27127DA3DE60074217E /* MiniProjet_Les_Habitue_sTests.swift in Sources */ = {isa = PBXBuildFile; fileRef = 6BECA27027DA3DE60074217E /* MiniProjet_Les_Habitue_sTests.swift */; };
		6BECA27B27DA3DE60074217E /* MiniProjet_Les_Habitue_sUITests.swift in Sources */ = {isa = PBXBuildFile; fileRef = 6BECA27A27DA3DE60074217E /* MiniProjet_Les_Habitue_sUITests.swift */; };
		6BECA27D27DA3DE60074217E /* MiniProjet_Les_Habitue_sUITestsLaunchTests.swift in Sources */ = {isa = PBXBuildFile; fileRef = 6BECA27C27DA3DE60074217E /* MiniProjet_Les_Habitue_sUITestsLaunchTests.swift */; };
/* End PBXBuildFile section */

/* Begin PBXContainerItemProxy section */
		6BECA26D27DA3DE60074217E /* PBXContainerItemProxy */ = {
			isa = PBXContainerItemProxy;
			containerPortal = 6BECA24E27DA3DE50074217E /* Project object */;
			proxyType = 1;
			remoteGlobalIDString = 6BECA25527DA3DE50074217E;
			remoteInfo = "MiniProjet_Les_Habitués";
		};
		6BECA27727DA3DE60074217E /* PBXContainerItemProxy */ = {
			isa = PBXContainerItemProxy;
			containerPortal = 6BECA24E27DA3DE50074217E /* Project object */;
			proxyType = 1;
			remoteGlobalIDString = 6BECA25527DA3DE50074217E;
			remoteInfo = "MiniProjet_Les_Habitués";
		};
/* End PBXContainerItemProxy section */

/* Begin PBXFileReference section */
		6BECA25627DA3DE50074217E /* MiniProjet_Les_Habitués.app */ = {isa = PBXFileReference; explicitFileType = wrapper.application; includeInIndex = 0; path = "MiniProjet_Les_Habitués.app"; sourceTree = BUILT_PRODUCTS_DIR; };
		6BECA25927DA3DE50074217E /* AppDelegate.swift */ = {isa = PBXFileReference; lastKnownFileType = sourcecode.swift; path = AppDelegate.swift; sourceTree = "<group>"; };
		6BECA25B27DA3DE50074217E /* SceneDelegate.swift */ = {isa = PBXFileReference; lastKnownFileType = sourcecode.swift; path = SceneDelegate.swift; sourceTree = "<group>"; };
		6BECA25D27DA3DE50074217E /* ViewController.swift */ = {isa = PBXFileReference; lastKnownFileType = sourcecode.swift; path = ViewController.swift; sourceTree = "<group>"; };
		6BECA26027DA3DE50074217E /* Base */ = {isa = PBXFileReference; lastKnownFileType = file.storyboard; name = Base; path = Base.lproj/Main.storyboard; sourceTree = "<group>"; };
		6BECA26227DA3DE60074217E /* Assets.xcassets */ = {isa = PBXFileReference; lastKnownFileType = folder.assetcatalog; path = Assets.xcassets; sourceTree = "<group>"; };
		6BECA26527DA3DE60074217E /* Base */ = {isa = PBXFileReference; lastKnownFileType = file.storyboard; name = Base; path = Base.lproj/LaunchScreen.storyboard; sourceTree = "<group>"; };
		6BECA26727DA3DE60074217E /* Info.plist */ = {isa = PBXFileReference; lastKnownFileType = text.plist.xml; path = Info.plist; sourceTree = "<group>"; };
		6BECA26C27DA3DE60074217E /* MiniProjet_Les_HabituésTests.xctest */ = {isa = PBXFileReference; explicitFileType = wrapper.cfbundle; includeInIndex = 0; path = "MiniProjet_Les_HabituésTests.xctest"; sourceTree = BUILT_PRODUCTS_DIR; };
		6BECA27027DA3DE60074217E /* MiniProjet_Les_Habitue_sTests.swift */ = {isa = PBXFileReference; lastKnownFileType = sourcecode.swift; path = MiniProjet_Les_Habitue_sTests.swift; sourceTree = "<group>"; };
		6BECA27627DA3DE60074217E /* MiniProjet_Les_HabituésUITests.xctest */ = {isa = PBXFileReference; explicitFileType = wrapper.cfbundle; includeInIndex = 0; path = "MiniProjet_Les_HabituésUITests.xctest"; sourceTree = BUILT_PRODUCTS_DIR; };
		6BECA27A27DA3DE60074217E /* MiniProjet_Les_Habitue_sUITests.swift */ = {isa = PBXFileReference; lastKnownFileType = sourcecode.swift; path = MiniProjet_Les_Habitue_sUITests.swift; sourceTree = "<group>"; };
		6BECA27C27DA3DE60074217E /* MiniProjet_Les_Habitue_sUITestsLaunchTests.swift */ = {isa = PBXFileReference; lastKnownFileType = sourcecode.swift; path = MiniProjet_Les_Habitue_sUITestsLaunchTests.swift; sourceTree = "<group>"; };
/* End PBXFileReference section */

/* Begin PBXFrameworksBuildPhase section */
		6BECA25327DA3DE50074217E /* Frameworks */ = {
			isa = PBXFrameworksBuildPhase;
			buildActionMask = 2147483647;
			files = (
			);
			runOnlyForDeploymentPostprocessing = 0;
		};
		6BECA26927DA3DE60074217E /* Frameworks */ = {
			isa = PBXFrameworksBuildPhase;
			buildActionMask = 2147483647;
			files = (
			);
			runOnlyForDeploymentPostprocessing = 0;
		};
		6BECA27327DA3DE60074217E /* Frameworks */ = {
			isa = PBXFrameworksBuildPhase;
			buildActionMask = 2147483647;
			files = (
			);
			runOnlyForDeploymentPostprocessing = 0;
		};
/* End PBXFrameworksBuildPhase section */

/* Begin PBXGroup section */
		6BECA24D27DA3DE50074217E = {
			isa = PBXGroup;
			children = (
				6BECA25827DA3DE50074217E /* MiniProjet_Les_Habitués */,
				6BECA26F27DA3DE60074217E /* MiniProjet_Les_HabituésTests */,
				6BECA27927DA3DE60074217E /* MiniProjet_Les_HabituésUITests */,
				6BECA25727DA3DE50074217E /* Products */,
			);
			sourceTree = "<group>";
		};
		6BECA25727DA3DE50074217E /* Products */ = {
			isa = PBXGroup;
			children = (
				6BECA25627DA3DE50074217E /* MiniProjet_Les_Habitués.app */,
				6BECA26C27DA3DE60074217E /* MiniProjet_Les_HabituésTests.xctest */,
				6BECA27627DA3DE60074217E /* MiniProjet_Les_HabituésUITests.xctest */,
			);
			name = Products;
			sourceTree = "<group>";
		};
		6BECA25827DA3DE50074217E /* MiniProjet_Les_Habitués */ = {
			isa = PBXGroup;
			children = (
				6BECA25927DA3DE50074217E /* AppDelegate.swift */,
				6BECA25B27DA3DE50074217E /* SceneDelegate.swift */,
				6BECA25D27DA3DE50074217E /* ViewController.swift */,
				6BECA25F27DA3DE50074217E /* Main.storyboard */,
				6BECA26227DA3DE60074217E /* Assets.xcassets */,
				6BECA26427DA3DE60074217E /* LaunchScreen.storyboard */,
				6BECA26727DA3DE60074217E /* Info.plist */,
			);
			path = "MiniProjet_Les_Habitués";
			sourceTree = "<group>";
		};
		6BECA26F27DA3DE60074217E /* MiniProjet_Les_HabituésTests */ = {
			isa = PBXGroup;
			children = (
				6BECA27027DA3DE60074217E /* MiniProjet_Les_Habitue_sTests.swift */,
			);
			path = "MiniProjet_Les_HabituésTests";
			sourceTree = "<group>";
		};
		6BECA27927DA3DE60074217E /* MiniProjet_Les_HabituésUITests */ = {
			isa = PBXGroup;
			children = (
				6BECA27A27DA3DE60074217E /* MiniProjet_Les_Habitue_sUITests.swift */,
				6BECA27C27DA3DE60074217E /* MiniProjet_Les_Habitue_sUITestsLaunchTests.swift */,
			);
			path = "MiniProjet_Les_HabituésUITests";
			sourceTree = "<group>";
		};
/* End PBXGroup section */

/* Begin PBXNativeTarget section */
		6BECA25527DA3DE50074217E /* MiniProjet_Les_Habitués */ = {
			isa = PBXNativeTarget;
			buildConfigurationList = 6BECA28027DA3DE60074217E /* Build configuration list for PBXNativeTarget "MiniProjet_Les_Habitués" */;
			buildPhases = (
				6BECA25227DA3DE50074217E /* Sources */,
				6BECA25327DA3DE50074217E /* Frameworks */,
				6BECA25427DA3DE50074217E /* Resources */,
			);
			buildRules = (
			);
			dependencies = (
			);
			name = "MiniProjet_Les_Habitués";
			productName = "MiniProjet_Les_Habitués";
			productReference = 6BECA25627DA3DE50074217E /* MiniProjet_Les_Habitués.app */;
			productType = "com.apple.product-type.application";
		};
		6BECA26B27DA3DE60074217E /* MiniProjet_Les_HabituésTests */ = {
			isa = PBXNativeTarget;
			buildConfigurationList = 6BECA28327DA3DE60074217E /* Build configuration list for PBXNativeTarget "MiniProjet_Les_HabituésTests" */;
			buildPhases = (
				6BECA26827DA3DE60074217E /* Sources */,
				6BECA26927DA3DE60074217E /* Frameworks */,
				6BECA26A27DA3DE60074217E /* Resources */,
			);
			buildRules = (
			);
			dependencies = (
				6BECA26E27DA3DE60074217E /* PBXTargetDependency */,
			);
			name = "MiniProjet_Les_HabituésTests";
			productName = "MiniProjet_Les_HabituésTests";
			productReference = 6BECA26C27DA3DE60074217E /* MiniProjet_Les_HabituésTests.xctest */;
			productType = "com.apple.product-type.bundle.unit-test";
		};
		6BECA27527DA3DE60074217E /* MiniProjet_Les_HabituésUITests */ = {
			isa = PBXNativeTarget;
			buildConfigurationList = 6BECA28627DA3DE60074217E /* Build configuration list for PBXNativeTarget "MiniProjet_Les_HabituésUITests" */;
			buildPhases = (
				6BECA27227DA3DE60074217E /* Sources */,
				6BECA27327DA3DE60074217E /* Frameworks */,
				6BECA27427DA3DE60074217E /* Resources */,
			);
			buildRules = (
			);
			dependencies = (
				6BECA27827DA3DE60074217E /* PBXTargetDependency */,
			);
			name = "MiniProjet_Les_HabituésUITests";
			productName = "MiniProjet_Les_HabituésUITests";
			productReference = 6BECA27627DA3DE60074217E /* MiniProjet_Les_HabituésUITests.xctest */;
			productType = "com.apple.product-type.bundle.ui-testing";
		};
/* End PBXNativeTarget section */

/* Begin PBXProject section */
		6BECA24E27DA3DE50074217E /* Project object */ = {
			isa = PBXProject;
			attributes = {
				BuildIndependentTargetsInParallel = 1;
				LastSwiftUpdateCheck = 1320;
				LastUpgradeCheck = 1320;
				TargetAttributes = {
					6BECA25527DA3DE50074217E = {
						CreatedOnToolsVersion = 13.2.1;
					};
					6BECA26B27DA3DE60074217E = {
						CreatedOnToolsVersion = 13.2.1;
						TestTargetID = 6BECA25527DA3DE50074217E;
					};
					6BECA27527DA3DE60074217E = {
						CreatedOnToolsVersion = 13.2.1;
						TestTargetID = 6BECA25527DA3DE50074217E;
					};
				};
			};
			buildConfigurationList = 6BECA25127DA3DE50074217E /* Build configuration list for PBXProject "MiniProjet_Les_Habitués" */;
			compatibilityVersion = "Xcode 13.0";
			developmentRegion = en;
			hasScannedForEncodings = 0;
			knownRegions = (
				en,
				Base,
			);
			mainGroup = 6BECA24D27DA3DE50074217E;
			productRefGroup = 6BECA25727DA3DE50074217E /* Products */;
			projectDirPath = "";
			projectRoot = "";
			targets = (
				6BECA25527DA3DE50074217E /* MiniProjet_Les_Habitués */,
				6BECA26B27DA3DE60074217E /* MiniProjet_Les_HabituésTests */,
				6BECA27527DA3DE60074217E /* MiniProjet_Les_HabituésUITests */,
			);
		};
/* End PBXProject section */

/* Begin PBXResourcesBuildPhase section */
		6BECA25427DA3DE50074217E /* Resources */ = {
			isa = PBXResourcesBuildPhase;
			buildActionMask = 2147483647;
			files = (
				6BECA26627DA3DE60074217E /* LaunchScreen.storyboard in Resources */,
				6BECA26327DA3DE60074217E /* Assets.xcassets in Resources */,
				6BECA26127DA3DE50074217E /* Main.storyboard in Resources */,
			);
			runOnlyForDeploymentPostprocessing = 0;
		};
		6BECA26A27DA3DE60074217E /* Resources */ = {
			isa = PBXResourcesBuildPhase;
			buildActionMask = 2147483647;
			files = (
			);
			runOnlyForDeploymentPostprocessing = 0;
		};
		6BECA27427DA3DE60074217E /* Resources */ = {
			isa = PBXResourcesBuildPhase;
			buildActionMask = 2147483647;
			files = (
			);
			runOnlyForDeploymentPostprocessing = 0;
		};
/* End PBXResourcesBuildPhase section */

/* Begin PBXSourcesBuildPhase section */
		6BECA25227DA3DE50074217E /* Sources */ = {
			isa = PBXSourcesBuildPhase;
			buildActionMask = 2147483647;
			files = (
				6BECA25E27DA3DE50074217E /* ViewController.swift in Sources */,
				6BECA25A27DA3DE50074217E /* AppDelegate.swift in Sources */,
				6BECA25C27DA3DE50074217E /* SceneDelegate.swift in Sources */,
			);
			runOnlyForDeploymentPostprocessing = 0;
		};
		6BECA26827DA3DE60074217E /* Sources */ = {
			isa = PBXSourcesBuildPhase;
			buildActionMask = 2147483647;
			files = (
				6BECA27127DA3DE60074217E /* MiniProjet_Les_Habitue_sTests.swift in Sources */,
			);
			runOnlyForDeploymentPostprocessing = 0;
		};
		6BECA27227DA3DE60074217E /* Sources */ = {
			isa = PBXSourcesBuildPhase;
			buildActionMask = 2147483647;
			files = (
				6BECA27B27DA3DE60074217E /* MiniProjet_Les_Habitue_sUITests.swift in Sources */,
				6BECA27D27DA3DE60074217E /* MiniProjet_Les_Habitue_sUITestsLaunchTests.swift in Sources */,
			);
			runOnlyForDeploymentPostprocessing = 0;
		};
/* End PBXSourcesBuildPhase section */

/* Begin PBXTargetDependency section */
		6BECA26E27DA3DE60074217E /* PBXTargetDependency */ = {
			isa = PBXTargetDependency;
			target = 6BECA25527DA3DE50074217E /* MiniProjet_Les_Habitués */;
			targetProxy = 6BECA26D27DA3DE60074217E /* PBXContainerItemProxy */;
		};
		6BECA27827DA3DE60074217E /* PBXTargetDependency */ = {
			isa = PBXTargetDependency;
			target = 6BECA25527DA3DE50074217E /* MiniProjet_Les_Habitués */;
			targetProxy = 6BECA27727DA3DE60074217E /* PBXContainerItemProxy */;
		};
/* End PBXTargetDependency section */

/* Begin PBXVariantGroup section */
		6BECA25F27DA3DE50074217E /* Main.storyboard */ = {
			isa = PBXVariantGroup;
			children = (
				6BECA26027DA3DE50074217E /* Base */,
			);
			name = Main.storyboard;
			sourceTree = "<group>";
		};
		6BECA26427DA3DE60074217E /* LaunchScreen.storyboard */ = {
			isa = PBXVariantGroup;
			children = (
				6BECA26527DA3DE60074217E /* Base */,
			);
			name = LaunchScreen.storyboard;
			sourceTree = "<group>";
		};
/* End PBXVariantGroup section */

/* Begin XCBuildConfiguration section */
		6BECA27E27DA3DE60074217E /* Debug */ = {
			isa = XCBuildConfiguration;
			buildSettings = {
				ALWAYS_SEARCH_USER_PATHS = NO;
				CLANG_ANALYZER_NONNULL = YES;
				CLANG_ANALYZER_NUMBER_OBJECT_CONVERSION = YES_AGGRESSIVE;
				CLANG_CXX_LANGUAGE_STANDARD = "gnu++17";
				CLANG_CXX_LIBRARY = "libc++";
				CLANG_ENABLE_MODULES = YES;
				CLANG_ENABLE_OBJC_ARC = YES;
				CLANG_ENABLE_OBJC_WEAK = YES;
				CLANG_WARN_BLOCK_CAPTURE_AUTORELEASING = YES;
				CLANG_WARN_BOOL_CONVERSION = YES;
				CLANG_WARN_COMMA = YES;
				CLANG_WARN_CONSTANT_CONVERSION = YES;
				CLANG_WARN_DEPRECATED_OBJC_IMPLEMENTATIONS = YES;
				CLANG_WARN_DIRECT_OBJC_ISA_USAGE = YES_ERROR;
				CLANG_WARN_DOCUMENTATION_COMMENTS = YES;
				CLANG_WARN_EMPTY_BODY = YES;
				CLANG_WARN_ENUM_CONVERSION = YES;
				CLANG_WARN_INFINITE_RECURSION = YES;
				CLANG_WARN_INT_CONVERSION = YES;
				CLANG_WARN_NON_LITERAL_NULL_CONVERSION = YES;
				CLANG_WARN_OBJC_IMPLICIT_RETAIN_SELF = YES;
				CLANG_WARN_OBJC_LITERAL_CONVERSION = YES;
				CLANG_WARN_OBJC_ROOT_CLASS = YES_ERROR;
				CLANG_WARN_QUOTED_INCLUDE_IN_FRAMEWORK_HEADER = YES;
				CLANG_WARN_RANGE_LOOP_ANALYSIS = YES;
				CLANG_WARN_STRICT_PROTOTYPES = YES;
				CLANG_WARN_SUSPICIOUS_MOVE = YES;
				CLANG_WARN_UNGUARDED_AVAILABILITY = YES_AGGRESSIVE;
				CLANG_WARN_UNREACHABLE_CODE = YES;
				CLANG_WARN__DUPLICATE_METHOD_MATCH = YES;
				COPY_PHASE_STRIP = NO;
				DEBUG_INFORMATION_FORMAT = dwarf;
				ENABLE_STRICT_OBJC_MSGSEND = YES;
				ENABLE_TESTABILITY = YES;
				GCC_C_LANGUAGE_STANDARD = gnu11;
				GCC_DYNAMIC_NO_PIC = NO;
				GCC_NO_COMMON_BLOCKS = YES;
				GCC_OPTIMIZATION_LEVEL = 0;
				GCC_PREPROCESSOR_DEFINITIONS = (
					"DEBUG=1",
					"$(inherited)",
				);
				GCC_WARN_64_TO_32_BIT_CONVERSION = YES;
				GCC_WARN_ABOUT_RETURN_TYPE = YES_ERROR;
				GCC_WARN_UNDECLARED_SELECTOR = YES;
				GCC_WARN_UNINITIALIZED_AUTOS = YES_AGGRESSIVE;
				GCC_WARN_UNUSED_FUNCTION = YES;
				GCC_WARN_UNUSED_VARIABLE = YES;
				IPHONEOS_DEPLOYMENT_TARGET = 15.2;
				MTL_ENABLE_DEBUG_INFO = INCLUDE_SOURCE;
				MTL_FAST_MATH = YES;
				ONLY_ACTIVE_ARCH = YES;
				SDKROOT = iphoneos;
				SWIFT_ACTIVE_COMPILATION_CONDITIONS = DEBUG;
				SWIFT_OPTIMIZATION_LEVEL = "-Onone";
			};
			name = Debug;
		};
		6BECA27F27DA3DE60074217E /* Release */ = {
			isa = XCBuildConfiguration;
			buildSettings = {
				ALWAYS_SEARCH_USER_PATHS = NO;
				CLANG_ANALYZER_NONNULL = YES;
				CLANG_ANALYZER_NUMBER_OBJECT_CONVERSION = YES_AGGRESSIVE;
				CLANG_CXX_LANGUAGE_STANDARD = "gnu++17";
				CLANG_CXX_LIBRARY = "libc++";
				CLANG_ENABLE_MODULES = YES;
				CLANG_ENABLE_OBJC_ARC = YES;
				CLANG_ENABLE_OBJC_WEAK = YES;
				CLANG_WARN_BLOCK_CAPTURE_AUTORELEASING = YES;
				CLANG_WARN_BOOL_CONVERSION = YES;
				CLANG_WARN_COMMA = YES;
				CLANG_WARN_CONSTANT_CONVERSION = YES;
				CLANG_WARN_DEPRECATED_OBJC_IMPLEMENTATIONS = YES;
				CLANG_WARN_DIRECT_OBJC_ISA_USAGE = YES_ERROR;
				CLANG_WARN_DOCUMENTATION_COMMENTS = YES;
				CLANG_WARN_EMPTY_BODY = YES;
				CLANG_WARN_ENUM_CONVERSION = YES;
				CLANG_WARN_INFINITE_RECURSION = YES;
				CLANG_WARN_INT_CONVERSION = YES;
				CLANG_WARN_NON_LITERAL_NULL_CONVERSION = YES;
				CLANG_WARN_OBJC_IMPLICIT_RETAIN_SELF = YES;
				CLANG_WARN_OBJC_LITERAL_CONVERSION = YES;
				CLANG_WARN_OBJC_ROOT_CLASS = YES_ERROR;
				CLANG_WARN_QUOTED_INCLUDE_IN_FRAMEWORK_HEADER = YES;
				CLANG_WARN_RANGE_LOOP_ANALYSIS = YES;
				CLANG_WARN_STRICT_PROTOTYPES = YES;
				CLANG_WARN_SUSPICIOUS_MOVE = YES;
				CLANG_WARN_UNGUARDED_AVAILABILITY = YES_AGGRESSIVE;
				CLANG_WARN_UNREACHABLE_CODE = YES;
				CLANG_WARN__DUPLICATE_METHOD_MATCH = YES;
				COPY_PHASE_STRIP = NO;
				DEBUG_INFORMATION_FORMAT = "dwarf-with-dsym";
				ENABLE_NS_ASSERTIONS = NO;
				ENABLE_STRICT_OBJC_MSGSEND = YES;
				GCC_C_LANGUAGE_STANDARD = gnu11;
				GCC_NO_COMMON_BLOCKS = YES;
				GCC_WARN_64_TO_32_BIT_CONVERSION = YES;
				GCC_WARN_ABOUT_RETURN_TYPE = YES_ERROR;
				GCC_WARN_UNDECLARED_SELECTOR = YES;
				GCC_WARN_UNINITIALIZED_AUTOS = YES_AGGRESSIVE;
				GCC_WARN_UNUSED_FUNCTION = YES;
				GCC_WARN_UNUSED_VARIABLE = YES;
				IPHONEOS_DEPLOYMENT_TARGET = 15.2;
				MTL_ENABLE_DEBUG_INFO = NO;
				MTL_FAST_MATH = YES;
				SDKROOT = iphoneos;
				SWIFT_COMPILATION_MODE = wholemodule;
				SWIFT_OPTIMIZATION_LEVEL = "-O";
				VALIDATE_PRODUCT = YES;
			};
			name = Release;
		};
		6BECA28127DA3DE60074217E /* Debug */ = {
			isa = XCBuildConfiguration;
			buildSettings = {
				ASSETCATALOG_COMPILER_APPICON_NAME = AppIcon;
				ASSETCATALOG_COMPILER_GLOBAL_ACCENT_COLOR_NAME = AccentColor;
				CODE_SIGN_STYLE = Automatic;
				CURRENT_PROJECT_VERSION = 1;
				DEVELOPMENT_TEAM = 9S2GW6G25E;
				GENERATE_INFOPLIST_FILE = YES;
				INFOPLIST_FILE = "MiniProjet_Les_Habitués/Info.plist";
				INFOPLIST_KEY_UIApplicationSupportsIndirectInputEvents = YES;
				INFOPLIST_KEY_UILaunchStoryboardName = LaunchScreen;
				INFOPLIST_KEY_UIMainStoryboardFile = Main;
				INFOPLIST_KEY_UISupportedInterfaceOrientations_iPad = "UIInterfaceOrientationPortrait UIInterfaceOrientationPortraitUpsideDown UIInterfaceOrientationLandscapeLeft UIInterfaceOrientationLandscapeRight";
				INFOPLIST_KEY_UISupportedInterfaceOrientations_iPhone = "UIInterfaceOrientationPortrait UIInterfaceOrientationLandscapeLeft UIInterfaceOrientationLandscapeRight";
				LD_RUNPATH_SEARCH_PATHS = (
					"$(inherited)",
					"@executable_path/Frameworks",
				);
				MARKETING_VERSION = 1.0;
				PRODUCT_BUNDLE_IDENTIFIER = "com.simondahan.MiniProjet-Les-Habitue-s";
				PRODUCT_NAME = "$(TARGET_NAME)";
				SWIFT_EMIT_LOC_STRINGS = YES;
				SWIFT_VERSION = 5.0;
				TARGETED_DEVICE_FAMILY = "1,2";
			};
			name = Debug;
		};
		6BECA28227DA3DE60074217E /* Release */ = {
			isa = XCBuildConfiguration;
			buildSettings = {
				ASSETCATALOG_COMPILER_APPICON_NAME = AppIcon;
				ASSETCATALOG_COMPILER_GLOBAL_ACCENT_COLOR_NAME = AccentColor;
				CODE_SIGN_STYLE = Automatic;
				CURRENT_PROJECT_VERSION = 1;
				DEVELOPMENT_TEAM = 9S2GW6G25E;
				GENERATE_INFOPLIST_FILE = YES;
				INFOPLIST_FILE = "MiniProjet_Les_Habitués/Info.plist";
				INFOPLIST_KEY_UIApplicationSupportsIndirectInputEvents = YES;
				INFOPLIST_KEY_UILaunchStoryboardName = LaunchScreen;
				INFOPLIST_KEY_UIMainStoryboardFile = Main;
				INFOPLIST_KEY_UISupportedInterfaceOrientations_iPad = "UIInterfaceOrientationPortrait UIInterfaceOrientationPortraitUpsideDown UIInterfaceOrientationLandscapeLeft UIInterfaceOrientationLandscapeRight";
				INFOPLIST_KEY_UISupportedInterfaceOrientations_iPhone = "UIInterfaceOrientationPortrait UIInterfaceOrientationLandscapeLeft UIInterfaceOrientationLandscapeRight";
				LD_RUNPATH_SEARCH_PATHS = (
					"$(inherited)",
					"@executable_path/Frameworks",
				);
				MARKETING_VERSION = 1.0;
				PRODUCT_BUNDLE_IDENTIFIER = "com.simondahan.MiniProjet-Les-Habitue-s";
				PRODUCT_NAME = "$(TARGET_NAME)";
				SWIFT_EMIT_LOC_STRINGS = YES;
				SWIFT_VERSION = 5.0;
				TARGETED_DEVICE_FAMILY = "1,2";
			};
			name = Release;
		};
		6BECA28427DA3DE60074217E /* Debug */ = {
			isa = XCBuildConfiguration;
			buildSettings = {
				ALWAYS_EMBED_SWIFT_STANDARD_LIBRARIES = YES;
				BUNDLE_LOADER = "$(TEST_HOST)";
				CODE_SIGN_STYLE = Automatic;
				CURRENT_PROJECT_VERSION = 1;
				DEVELOPMENT_TEAM = 9S2GW6G25E;
				GENERATE_INFOPLIST_FILE = YES;
				IPHONEOS_DEPLOYMENT_TARGET = 15.2;
				MARKETING_VERSION = 1.0;
				PRODUCT_BUNDLE_IDENTIFIER = "com.simondahan.MiniProjet-Les-Habitue-sTests";
				PRODUCT_NAME = "$(TARGET_NAME)";
				SWIFT_EMIT_LOC_STRINGS = NO;
				SWIFT_VERSION = 5.0;
				TARGETED_DEVICE_FAMILY = "1,2";
				TEST_HOST = "$(BUILT_PRODUCTS_DIR)/MiniProjet_Les_Habitués.app/MiniProjet_Les_Habitués";
			};
			name = Debug;
		};
		6BECA28527DA3DE60074217E /* Release */ = {
			isa = XCBuildConfiguration;
			buildSettings = {
				ALWAYS_EMBED_SWIFT_STANDARD_LIBRARIES = YES;
				BUNDLE_LOADER = "$(TEST_HOST)";
				CODE_SIGN_STYLE = Automatic;
				CURRENT_PROJECT_VERSION = 1;
				DEVELOPMENT_TEAM = 9S2GW6G25E;
				GENERATE_INFOPLIST_FILE = YES;
				IPHONEOS_DEPLOYMENT_TARGET = 15.2;
				MARKETING_VERSION = 1.0;
				PRODUCT_BUNDLE_IDENTIFIER = "com.simondahan.MiniProjet-Les-Habitue-sTests";
				PRODUCT_NAME = "$(TARGET_NAME)";
				SWIFT_EMIT_LOC_STRINGS = NO;
				SWIFT_VERSION = 5.0;
				TARGETED_DEVICE_FAMILY = "1,2";
				TEST_HOST = "$(BUILT_PRODUCTS_DIR)/MiniProjet_Les_Habitués.app/MiniProjet_Les_Habitués";
			};
			name = Release;
		};
		6BECA28727DA3DE60074217E /* Debug */ = {
			isa = XCBuildConfiguration;
			buildSettings = {
				ALWAYS_EMBED_SWIFT_STANDARD_LIBRARIES = YES;
				CODE_SIGN_STYLE = Automatic;
				CURRENT_PROJECT_VERSION = 1;
				DEVELOPMENT_TEAM = 9S2GW6G25E;
				GENERATE_INFOPLIST_FILE = YES;
				MARKETING_VERSION = 1.0;
				PRODUCT_BUNDLE_IDENTIFIER = "com.simondahan.MiniProjet-Les-Habitue-sUITests";
				PRODUCT_NAME = "$(TARGET_NAME)";
				SWIFT_EMIT_LOC_STRINGS = NO;
				SWIFT_VERSION = 5.0;
				TARGETED_DEVICE_FAMILY = "1,2";
				TEST_TARGET_NAME = "MiniProjet_Les_Habitués";
			};
			name = Debug;
		};
		6BECA28827DA3DE60074217E /* Release */ = {
			isa = XCBuildConfiguration;
			buildSettings = {
				ALWAYS_EMBED_SWIFT_STANDARD_LIBRARIES = YES;
				CODE_SIGN_STYLE = Automatic;
				CURRENT_PROJECT_VERSION = 1;
				DEVELOPMENT_TEAM = 9S2GW6G25E;
				GENERATE_INFOPLIST_FILE = YES;
				MARKETING_VERSION = 1.0;
				PRODUCT_BUNDLE_IDENTIFIER = "com.simondahan.MiniProjet-Les-Habitue-sUITests";
				PRODUCT_NAME = "$(TARGET_NAME)";
				SWIFT_EMIT_LOC_STRINGS = NO;
				SWIFT_VERSION = 5.0;
				TARGETED_DEVICE_FAMILY = "1,2";
				TEST_TARGET_NAME = "MiniProjet_Les_Habitués";
			};
			name = Release;
		};
/* End XCBuildConfiguration section */

/* Begin XCConfigurationList section */
		6BECA25127DA3DE50074217E /* Build configuration list for PBXProject "MiniProjet_Les_Habitués" */ = {
			isa = XCConfigurationList;
			buildConfigurations = (
				6BECA27E27DA3DE60074217E /* Debug */,
				6BECA27F27DA3DE60074217E /* Release */,
			);
			defaultConfigurationIsVisible = 0;
			defaultConfigurationName = Release;
		};
		6BECA28027DA3DE60074217E /* Build configuration list for PBXNativeTarget "MiniProjet_Les_Habitués" */ = {
			isa = XCConfigurationList;
			buildConfigurations = (
				6BECA28127DA3DE60074217E /* Debug */,
				6BECA28227DA3DE60074217E /* Release */,
			);
			defaultConfigurationIsVisible = 0;
			defaultConfigurationName = Release;
		};
		6BECA28327DA3DE60074217E /* Build configuration list for PBXNativeTarget "MiniProjet_Les_HabituésTests" */ = {
			isa = XCConfigurationList;
			buildConfigurations = (
				6BECA28427DA3DE60074217E /* Debug */,
				6BECA28527DA3DE60074217E /* Release */,
			);
			defaultConfigurationIsVisible = 0;
			defaultConfigurationName = Release;
		};
		6BECA28627DA3DE60074217E /* Build configuration list for PBXNativeTarget "MiniProjet_Les_HabituésUITests" */ = {
			isa = XCConfigurationList;
			buildConfigurations = (
				6BECA28727DA3DE60074217E /* Debug */,
				6BECA28827DA3DE60074217E /* Release */,
			);
			defaultConfigurationIsVisible = 0;
			defaultConfigurationName = Release;
		};
/* End XCConfigurationList section */
	};
	rootObject = 6BECA24E27DA3DE50074217E /* Project object */;
}
